
Microsoft Visual Studio Solution File, Format Version 12.00
# Visual Studio Version 17
VisualStudioVersion = 17.6.33815.320
MinimumVisualStudioVersion = 10.0.40219.1
Project("{FAE04EC0-301F-11D3-BF4B-00C04F79EFBC}") = "Mysql Testing", "Mysql Testing\Mysql Testing.csproj", "{1AF4A303-CE71-4935-A862-C7E785ACE07B}"
EndProject
Global
	GlobalSection(SolutionConfigurationPlatforms) = preSolution
		Debug|Any CPU = Debug|Any CPU
		Release|Any CPU = Release|Any CPU
	EndGlobalSection
	GlobalSection(ProjectConfigurationPlatforms) = postSolution
		{1AF4A303-CE71-4935-A862-C7E785ACE07B}.Debug|Any CPU.ActiveCfg = Debug|Any CPU
		{1AF4A303-CE71-4935-A862-C7E785ACE07B}.Debug|Any CPU.Build.0 = Debug|Any CPU
		{1AF4A303-CE71-4935-A862-C7E785ACE07B}.Release|Any CPU.ActiveCfg = Release|Any CPU
		{1AF4A303-CE71-4935-A862-C7E785ACE07B}.Release|Any CPU.Build.0 = Release|Any CPU
	EndGlobalSection
	GlobalSection(SolutionProperties) = preSolution
		HideSolutionNode = FALSE
	EndGlobalSection
	GlobalSection(ExtensibilityGlobals) = postSolution
		SolutionGuid = {8D3E78F5-8EE5-48A0-B65B-778F727FF28A}
	EndGlobalSection
EndGlobal
