
Microsoft Visual Studio Solution File, Format Version 12.00
# Visual Studio Version 17
VisualStudioVersion = 17.6.33815.320
MinimumVisualStudioVersion = 10.0.40219.1
Project("{FAE04EC0-301F-11D3-BF4B-00C04F79EFBC}") = "LINQ_Activity", "Sample_LINQ2\LINQ_Activity.csproj", "{166270AA-B377-4825-B8F5-344351BB540C}"
EndProject
Global
	GlobalSection(SolutionConfigurationPlatforms) = preSolution
		Debug|Any CPU = Debug|Any CPU
		Release|Any CPU = Release|Any CPU
	EndGlobalSection
	GlobalSection(ProjectConfigurationPlatforms) = postSolution
		{166270AA-B377-4825-B8F5-344351BB540C}.Debug|Any CPU.ActiveCfg = Debug|Any CPU
		{166270AA-B377-4825-B8F5-344351BB540C}.Debug|Any CPU.Build.0 = Debug|Any CPU
		{166270AA-B377-4825-B8F5-344351BB540C}.Release|Any CPU.ActiveCfg = Release|Any CPU
		{166270AA-B377-4825-B8F5-344351BB540C}.Release|Any CPU.Build.0 = Release|Any CPU
	EndGlobalSection
	GlobalSection(SolutionProperties) = preSolution
		HideSolutionNode = FALSE
	EndGlobalSection
	GlobalSection(ExtensibilityGlobals) = postSolution
		SolutionGuid = {6907C1EB-19B1-4DFF-B626-BB5E94DFFE99}
	EndGlobalSection
EndGlobal
