
Microsoft Visual Studio Solution File, Format Version 12.00
# Visual Studio Version 17
VisualStudioVersion = 17.6.33815.320
MinimumVisualStudioVersion = 10.0.40219.1
Project("{FAE04EC0-301F-11D3-BF4B-00C04F79EFBC}") = "Midterm_EventMngmt", "Midterm_EventMngmt\Midterm_EventMngmt.csproj", "{768E91A7-6482-4CD3-9472-D7BE4F4BED3B}"
EndProject
Global
	GlobalSection(SolutionConfigurationPlatforms) = preSolution
		Debug|Any CPU = Debug|Any CPU
		Release|Any CPU = Release|Any CPU
	EndGlobalSection
	GlobalSection(ProjectConfigurationPlatforms) = postSolution
		{768E91A7-6482-4CD3-9472-D7BE4F4BED3B}.Debug|Any CPU.ActiveCfg = Debug|Any CPU
		{768E91A7-6482-4CD3-9472-D7BE4F4BED3B}.Debug|Any CPU.Build.0 = Debug|Any CPU
		{768E91A7-6482-4CD3-9472-D7BE4F4BED3B}.Release|Any CPU.ActiveCfg = Release|Any CPU
		{768E91A7-6482-4CD3-9472-D7BE4F4BED3B}.Release|Any CPU.Build.0 = Release|Any CPU
	EndGlobalSection
	GlobalSection(SolutionProperties) = preSolution
		HideSolutionNode = FALSE
	EndGlobalSection
	GlobalSection(ExtensibilityGlobals) = postSolution
		SolutionGuid = {B825DC02-8FAB-4473-9F84-AB1650B2B38B}
	EndGlobalSection
EndGlobal
