
Microsoft Visual Studio Solution File, Format Version 12.00
# Visual Studio Version 17
VisualStudioVersion = 17.6.33815.320
MinimumVisualStudioVersion = 10.0.40219.1
Project("{FAE04EC0-301F-11D3-BF4B-00C04F79EFBC}") = "Sample_Asynchronous", "Sample_Asynchronous\Sample_Asynchronous.csproj", "{D0E667AC-B714-4213-81AD-AB02F07E7CDD}"
EndProject
Global
	GlobalSection(SolutionConfigurationPlatforms) = preSolution
		Debug|Any CPU = Debug|Any CPU
		Release|Any CPU = Release|Any CPU
	EndGlobalSection
	GlobalSection(ProjectConfigurationPlatforms) = postSolution
		{D0E667AC-B714-4213-81AD-AB02F07E7CDD}.Debug|Any CPU.ActiveCfg = Debug|Any CPU
		{D0E667AC-B714-4213-81AD-AB02F07E7CDD}.Debug|Any CPU.Build.0 = Debug|Any CPU
		{D0E667AC-B714-4213-81AD-AB02F07E7CDD}.Release|Any CPU.ActiveCfg = Release|Any CPU
		{D0E667AC-B714-4213-81AD-AB02F07E7CDD}.Release|Any CPU.Build.0 = Release|Any CPU
	EndGlobalSection
	GlobalSection(SolutionProperties) = preSolution
		HideSolutionNode = FALSE
	EndGlobalSection
	GlobalSection(ExtensibilityGlobals) = postSolution
		SolutionGuid = {2883FC34-AF2B-4A15-944F-7C6819FC20FA}
	EndGlobalSection
EndGlobal
