
Microsoft Visual Studio Solution File, Format Version 12.00
# Visual Studio Version 17
VisualStudioVersion = 17.6.33815.320
MinimumVisualStudioVersion = 10.0.40219.1
Project("{FAE04EC0-301F-11D3-BF4B-00C04F79EFBC}") = "Project03.2", "Project03.2\Project03.2.csproj", "{0EEA8F6C-167E-4551-87EF-0F4B25E1EB6C}"
EndProject
Global
	GlobalSection(SolutionConfigurationPlatforms) = preSolution
		Debug|Any CPU = Debug|Any CPU
		Release|Any CPU = Release|Any CPU
	EndGlobalSection
	GlobalSection(ProjectConfigurationPlatforms) = postSolution
		{0EEA8F6C-167E-4551-87EF-0F4B25E1EB6C}.Debug|Any CPU.ActiveCfg = Debug|Any CPU
		{0EEA8F6C-167E-4551-87EF-0F4B25E1EB6C}.Debug|Any CPU.Build.0 = Debug|Any CPU
		{0EEA8F6C-167E-4551-87EF-0F4B25E1EB6C}.Release|Any CPU.ActiveCfg = Release|Any CPU
		{0EEA8F6C-167E-4551-87EF-0F4B25E1EB6C}.Release|Any CPU.Build.0 = Release|Any CPU
	EndGlobalSection
	GlobalSection(SolutionProperties) = preSolution
		HideSolutionNode = FALSE
	EndGlobalSection
	GlobalSection(ExtensibilityGlobals) = postSolution
		SolutionGuid = {8E09144A-8DBF-4D04-8223-EF04C69363C3}
	EndGlobalSection
EndGlobal
